
Microsoft Visual Studio Solution File, Format Version 12.00
# Visual Studio Version 16
VisualStudioVersion = 16.0.30225.117
MinimumVisualStudioVersion = 10.0.40219.1
Project("{9A19103F-16F7-4668-BE54-9A1E7A4F7556}") = "LeagueSandbox-AI", "LeagueSandbox-AI.csproj", "{9F664BFF-C444-43E9-B8A2-FBF1ABB456B5}"
EndProject
Global
	GlobalSection(SolutionConfigurationPlatforms) = preSolution
		Debug|Any CPU = Debug|Any CPU
		Debug|x64 = Debug|x64
		Release|Any CPU = Release|Any CPU
		Release|x64 = Release|x64
	EndGlobalSection
	GlobalSection(ProjectConfigurationPlatforms) = postSolution
		{9F664BFF-C444-43E9-B8A2-FBF1ABB456B5}.Debug|Any CPU.ActiveCfg = Debug|Any CPU
		{9F664BFF-C444-43E9-B8A2-FBF1ABB456B5}.Debug|Any CPU.Build.0 = Debug|Any CPU
		{9F664BFF-C444-43E9-B8A2-FBF1ABB456B5}.Debug|x64.ActiveCfg = Debug|x64
		{9F664BFF-C444-43E9-B8A2-FBF1ABB456B5}.Debug|x64.Build.0 = Debug|x64
		{9F664BFF-C444-43E9-B8A2-FBF1ABB456B5}.Release|Any CPU.ActiveCfg = Release|Any CPU
		{9F664BFF-C444-43E9-B8A2-FBF1ABB456B5}.Release|Any CPU.Build.0 = Release|Any CPU
		{9F664BFF-C444-43E9-B8A2-FBF1ABB456B5}.Release|x64.ActiveCfg = Release|x64
		{9F664BFF-C444-43E9-B8A2-FBF1ABB456B5}.Release|x64.Build.0 = Release|x64
	EndGlobalSection
	GlobalSection(SolutionProperties) = preSolution
		HideSolutionNode = FALSE
	EndGlobalSection
	GlobalSection(ExtensibilityGlobals) = postSolution
		SolutionGuid = {47EF3EE6-4C9C-4B20-954A-9FCA3ACBE78F}
	EndGlobalSection
EndGlobal
